
Microsoft Visual Studio Solution File, Format Version 12.00
# Visual Studio 15
VisualStudioVersion = 15.0.28307.1209
MinimumVisualStudioVersion = 10.0.40219.1
Project("{9A19103F-16F7-4668-BE54-9A1E7A4F7556}") = "TagTeam.Admin.API", "TagTeam.Admin.API\TagTeam.Admin.API.csproj", "{95BF360B-26EE-4F93-9CC2-0080F5383986}"
EndProject
Project("{FAE04EC0-301F-11D3-BF4B-00C04F79EFBC}") = "TagTeam.Admin.Domain", "TagTeam.Admin.Domain\TagTeam.Admin.Domain.csproj", "{7634711C-B7C6-46A8-8AD7-D4772E2A48AF}"
EndProject
Project("{FAE04EC0-301F-11D3-BF4B-00C04F79EFBC}") = "TagTeam.Admin.Service", "TagTeam.Admin.Service\TagTeam.Admin.Service.csproj", "{2A0D8537-CC0C-462A-AB3A-C63BEF18234B}"
EndProject
Global
	GlobalSection(SolutionConfigurationPlatforms) = preSolution
		Debug|Any CPU = Debug|Any CPU
		Release|Any CPU = Release|Any CPU
	EndGlobalSection
	GlobalSection(ProjectConfigurationPlatforms) = postSolution
		{95BF360B-26EE-4F93-9CC2-0080F5383986}.Debug|Any CPU.ActiveCfg = Debug|Any CPU
		{95BF360B-26EE-4F93-9CC2-0080F5383986}.Debug|Any CPU.Build.0 = Debug|Any CPU
		{95BF360B-26EE-4F93-9CC2-0080F5383986}.Release|Any CPU.ActiveCfg = Release|Any CPU
		{95BF360B-26EE-4F93-9CC2-0080F5383986}.Release|Any CPU.Build.0 = Release|Any CPU
		{7634711C-B7C6-46A8-8AD7-D4772E2A48AF}.Debug|Any CPU.ActiveCfg = Debug|Any CPU
		{7634711C-B7C6-46A8-8AD7-D4772E2A48AF}.Debug|Any CPU.Build.0 = Debug|Any CPU
		{7634711C-B7C6-46A8-8AD7-D4772E2A48AF}.Release|Any CPU.ActiveCfg = Release|Any CPU
		{7634711C-B7C6-46A8-8AD7-D4772E2A48AF}.Release|Any CPU.Build.0 = Release|Any CPU
		{2A0D8537-CC0C-462A-AB3A-C63BEF18234B}.Debug|Any CPU.ActiveCfg = Debug|Any CPU
		{2A0D8537-CC0C-462A-AB3A-C63BEF18234B}.Debug|Any CPU.Build.0 = Debug|Any CPU
		{2A0D8537-CC0C-462A-AB3A-C63BEF18234B}.Release|Any CPU.ActiveCfg = Release|Any CPU
		{2A0D8537-CC0C-462A-AB3A-C63BEF18234B}.Release|Any CPU.Build.0 = Release|Any CPU
	EndGlobalSection
	GlobalSection(SolutionProperties) = preSolution
		HideSolutionNode = FALSE
	EndGlobalSection
	GlobalSection(ExtensibilityGlobals) = postSolution
		SolutionGuid = {B3FE88EC-DF90-4AEE-B307-7A41EA8BE485}
	EndGlobalSection
EndGlobal
